
Microsoft Visual Studio Solution File, Format Version 12.00
# Visual Studio 15
Project("{FAE04EC0-301F-11D3-BF4B-00C04F79EFBC}") = "litecart-tests", "litecart-tests\litecart-tests.csproj", "{CF4D992B-3050-4537-85E1-17AF170D53BD}"
EndProject
Project("{FAE04EC0-301F-11D3-BF4B-00C04F79EFBC}") = "litecart-tests-pobj", "litecart-tests-pobj\litecart-tests-pobj.csproj", "{C2611B02-8500-468D-849E-5698632567F8}"
EndProject
Global
	GlobalSection(SolutionConfigurationPlatforms) = preSolution
		Debug|Any CPU = Debug|Any CPU
		Release|Any CPU = Release|Any CPU
	EndGlobalSection
	GlobalSection(ProjectConfigurationPlatforms) = postSolution
		{CF4D992B-3050-4537-85E1-17AF170D53BD}.Debug|Any CPU.ActiveCfg = Debug|Any CPU
		{CF4D992B-3050-4537-85E1-17AF170D53BD}.Debug|Any CPU.Build.0 = Debug|Any CPU
		{CF4D992B-3050-4537-85E1-17AF170D53BD}.Release|Any CPU.ActiveCfg = Release|Any CPU
		{CF4D992B-3050-4537-85E1-17AF170D53BD}.Release|Any CPU.Build.0 = Release|Any CPU
		{C2611B02-8500-468D-849E-5698632567F8}.Debug|Any CPU.ActiveCfg = Debug|Any CPU
		{C2611B02-8500-468D-849E-5698632567F8}.Debug|Any CPU.Build.0 = Debug|Any CPU
		{C2611B02-8500-468D-849E-5698632567F8}.Release|Any CPU.ActiveCfg = Release|Any CPU
		{C2611B02-8500-468D-849E-5698632567F8}.Release|Any CPU.Build.0 = Release|Any CPU
	EndGlobalSection
EndGlobal
